// !$*UTF8*$!
{
	archiveVersion = 1;
	classes = {
	};
	objectVersion = 55;
	objects = {

/* Begin PBXBuildFile section */
		CE1A16822843F722005BE6D0 /* RiveRuntime in Frameworks */ = {isa = PBXBuildFile; productRef = CE1A16812843F722005BE6D0 /* RiveRuntime */; };
		CE1A1686284401BA005BE6D0 /* new_file.riv in Resources */ = {isa = PBXBuildFile; fileRef = CE1A1685284401BA005BE6D0 /* new_file.riv */; };
		CE1A16882844D961005BE6D0 /* aboutViewController.swift in Sources */ = {isa = PBXBuildFile; fileRef = CE1A16872844D961005BE6D0 /* aboutViewController.swift */; };
		CE2D6597280767C30012A4D8 /* TabBarController.swift in Sources */ = {isa = PBXBuildFile; fileRef = CE2D6596280767C30012A4D8 /* TabBarController.swift */; };
		CE2D6599280768690012A4D8 /* FavouriteViewController.swift in Sources */ = {isa = PBXBuildFile; fileRef = CE2D6598280768690012A4D8 /* FavouriteViewController.swift */; };
		CE2D659D280769030012A4D8 /* ExerciseViewController.swift in Sources */ = {isa = PBXBuildFile; fileRef = CE2D659C280769030012A4D8 /* ExerciseViewController.swift */; };
		CE2D659F280769800012A4D8 /* SettingsViewController.swift in Sources */ = {isa = PBXBuildFile; fileRef = CE2D659E280769800012A4D8 /* SettingsViewController.swift */; };
		CE2D65A128076B240012A4D8 /* TheoryViewController.swift in Sources */ = {isa = PBXBuildFile; fileRef = CE2D65A028076B240012A4D8 /* TheoryViewController.swift */; };
		CE2D65A42807794E0012A4D8 /* PinLayout in Frameworks */ = {isa = PBXBuildFile; productRef = CE2D65A32807794E0012A4D8 /* PinLayout */; };
		CE6DA43228061355003D1BFC /* AppDelegate.swift in Sources */ = {isa = PBXBuildFile; fileRef = CE6DA43128061355003D1BFC /* AppDelegate.swift */; };
		CE6DA43428061355003D1BFC /* SceneDelegate.swift in Sources */ = {isa = PBXBuildFile; fileRef = CE6DA43328061355003D1BFC /* SceneDelegate.swift */; };
		CE6DA43928061355003D1BFC /* Main.storyboard in Resources */ = {isa = PBXBuildFile; fileRef = CE6DA43728061355003D1BFC /* Main.storyboard */; };
		CE6DA43B28061357003D1BFC /* Assets.xcassets in Resources */ = {isa = PBXBuildFile; fileRef = CE6DA43A28061357003D1BFC /* Assets.xcassets */; };
		CE6DA43E28061357003D1BFC /* LaunchScreen.storyboard in Resources */ = {isa = PBXBuildFile; fileRef = CE6DA43C28061357003D1BFC /* LaunchScreen.storyboard */; };
		CE8B74A1280ED718002E32A3 /* ExerciseDetViewCotroller.swift in Sources */ = {isa = PBXBuildFile; fileRef = CE8B74A0280ED718002E32A3 /* ExerciseDetViewCotroller.swift */; };
		CE8B74A9280EE512002E32A3 /* UIViewTableViewCell.swift in Sources */ = {isa = PBXBuildFile; fileRef = CE8B74A7280EE512002E32A3 /* UIViewTableViewCell.swift */; };
		CE8B74AA280EE512002E32A3 /* UIViewTableViewCell.xib in Resources */ = {isa = PBXBuildFile; fileRef = CE8B74A8280EE512002E32A3 /* UIViewTableViewCell.xib */; };
		CE8B74AC2810033A002E32A3 /* DetailsViewController.swift in Sources */ = {isa = PBXBuildFile; fileRef = CE8B74AB2810033A002E32A3 /* DetailsViewController.swift */; };
		CE902B152824535B0037E2AB /* HorizontalCollectionViewCell.swift in Sources */ = {isa = PBXBuildFile; fileRef = CE902B132824535A0037E2AB /* HorizontalCollectionViewCell.swift */; };
		CE902B162824535B0037E2AB /* HorizontalCollectionViewCell.xib in Resources */ = {isa = PBXBuildFile; fileRef = CE902B142824535A0037E2AB /* HorizontalCollectionViewCell.xib */; };
		CE902B19282546520037E2AB /* FavouriteManager.swift in Sources */ = {isa = PBXBuildFile; fileRef = CE902B18282546520037E2AB /* FavouriteManager.swift */; };
		CE902B212827021E0037E2AB /* FirebaseAuth in Frameworks */ = {isa = PBXBuildFile; productRef = CE902B202827021E0037E2AB /* FirebaseAuth */; };
		CE902B232827021E0037E2AB /* FirebaseAuthCombine-Community in Frameworks */ = {isa = PBXBuildFile; productRef = CE902B222827021E0037E2AB /* FirebaseAuthCombine-Community */; };
		CE902B252827021E0037E2AB /* FirebaseDatabase in Frameworks */ = {isa = PBXBuildFile; productRef = CE902B242827021E0037E2AB /* FirebaseDatabase */; };
		CE902B272827021E0037E2AB /* FirebaseDatabaseSwift in Frameworks */ = {isa = PBXBuildFile; productRef = CE902B262827021E0037E2AB /* FirebaseDatabaseSwift */; };
		CE902B292827021E0037E2AB /* FirebaseDynamicLinks in Frameworks */ = {isa = PBXBuildFile; productRef = CE902B282827021E0037E2AB /* FirebaseDynamicLinks */; };
		CE902B2B2827021E0037E2AB /* FirebaseFirestore in Frameworks */ = {isa = PBXBuildFile; productRef = CE902B2A2827021E0037E2AB /* FirebaseFirestore */; };
		CE902B2D2827021E0037E2AB /* FirebaseFirestoreCombine-Community in Frameworks */ = {isa = PBXBuildFile; productRef = CE902B2C2827021E0037E2AB /* FirebaseFirestoreCombine-Community */; };
		CE902B2F2827021E0037E2AB /* FirebaseFirestoreSwift in Frameworks */ = {isa = PBXBuildFile; productRef = CE902B2E2827021E0037E2AB /* FirebaseFirestoreSwift */; };
		CE902B312827021E0037E2AB /* FirebaseFunctions in Frameworks */ = {isa = PBXBuildFile; productRef = CE902B302827021E0037E2AB /* FirebaseFunctions */; };
		CE902B332827021E0037E2AB /* FirebaseFunctionsCombine-Community in Frameworks */ = {isa = PBXBuildFile; productRef = CE902B322827021E0037E2AB /* FirebaseFunctionsCombine-Community */; };
		CE902B352827021E0037E2AB /* FirebaseStorage in Frameworks */ = {isa = PBXBuildFile; productRef = CE902B342827021E0037E2AB /* FirebaseStorage */; };
		CE902B372827021E0037E2AB /* FirebaseStorageCombine-Community in Frameworks */ = {isa = PBXBuildFile; productRef = CE902B362827021E0037E2AB /* FirebaseStorageCombine-Community */; };
		CE902B6028282F7E0037E2AB /* LoginViewController.swift in Sources */ = {isa = PBXBuildFile; fileRef = CE902B5F28282F7E0037E2AB /* LoginViewController.swift */; };
		CE902B64282C01600037E2AB /* InitialLoginViewController.swift in Sources */ = {isa = PBXBuildFile; fileRef = CE902B63282C01600037E2AB /* InitialLoginViewController.swift */; };
		CE902B66282D31130037E2AB /* CustomButton.swift in Sources */ = {isa = PBXBuildFile; fileRef = CE902B65282D31130037E2AB /* CustomButton.swift */; };
		CE902B68282E5F5D0037E2AB /* RegistrationViewController.swift in Sources */ = {isa = PBXBuildFile; fileRef = CE902B67282E5F5B0037E2AB /* RegistrationViewController.swift */; };
		CE909C07283FDC83004335C8 /* SettingsModel.swift in Sources */ = {isa = PBXBuildFile; fileRef = CE909C06283FDC82004335C8 /* SettingsModel.swift */; };
		CE91F04928391FCA009CCF08 /* NotificationBannerView.swift in Sources */ = {isa = PBXBuildFile; fileRef = CE91F04828391FCA009CCF08 /* NotificationBannerView.swift */; };
		CE9B0AFD28365C3A00C723F9 /* TheoryModel.swift in Sources */ = {isa = PBXBuildFile; fileRef = CE9B0AFC28365C3900C723F9 /* TheoryModel.swift */; };
		CE9B0AFF2836712B00C723F9 /* FavouriteModel.swift in Sources */ = {isa = PBXBuildFile; fileRef = CE9B0AFE2836712B00C723F9 /* FavouriteModel.swift */; };
		CE9B0B012836B36900C723F9 /* FavouritePresenter.swift in Sources */ = {isa = PBXBuildFile; fileRef = CE9B0B002836B36800C723F9 /* FavouritePresenter.swift */; };
		CEB33994280B431500476B97 /* NetworkManager.swift in Sources */ = {isa = PBXBuildFile; fileRef = CEB33993280B431500476B97 /* NetworkManager.swift */; };
		CEB33996280B608E00476B97 /* TheoryDetailsViewController.swift in Sources */ = {isa = PBXBuildFile; fileRef = CEB33995280B608E00476B97 /* TheoryDetailsViewController.swift */; };
		CEE5048128381506006B4CEB /* ExerciseModel.swift in Sources */ = {isa = PBXBuildFile; fileRef = CEE5048028381505006B4CEB /* ExerciseModel.swift */; };
		CEE504832838163E006B4CEB /* ExercisePresenter.swift in Sources */ = {isa = PBXBuildFile; fileRef = CEE504822838163D006B4CEB /* ExercisePresenter.swift */; };
		CEE50486283829AF006B4CEB /* ExerciseDetModel.swift in Sources */ = {isa = PBXBuildFile; fileRef = CEE50485283829AF006B4CEB /* ExerciseDetModel.swift */; };
		CEE50488283829BF006B4CEB /* ExerciseDetPresenter.swift in Sources */ = {isa = PBXBuildFile; fileRef = CEE50487283829BF006B4CEB /* ExerciseDetPresenter.swift */; };
		CEE5048F2838F1FA006B4CEB /* DetailsModel.swift in Sources */ = {isa = PBXBuildFile; fileRef = CEE5048E2838F1FA006B4CEB /* DetailsModel.swift */; };
		CEE504912838F211006B4CEB /* DetailsPresenter.swift in Sources */ = {isa = PBXBuildFile; fileRef = CEE504902838F211006B4CEB /* DetailsPresenter.swift */; };
		CEE81B3F28147F2400E2238C /* GoogleService-Info.plist in Resources */ = {isa = PBXBuildFile; fileRef = CEE81B3E28147F2400E2238C /* GoogleService-Info.plist */; };
		CEE81B842816B46700E2238C /* FirebaseStructs.swift in Sources */ = {isa = PBXBuildFile; fileRef = CEE81B832816B46700E2238C /* FirebaseStructs.swift */; };
		CEE81B862816BE8700E2238C /* SectionStruct.swift in Sources */ = {isa = PBXBuildFile; fileRef = CEE81B852816BE8700E2238C /* SectionStruct.swift */; };
/* End PBXBuildFile section */

/* Begin PBXFileReference section */
		CE1A1685284401BA005BE6D0 /* new_file.riv */ = {isa = PBXFileReference; lastKnownFileType = file; path = new_file.riv; sourceTree = "<group>"; };
		CE1A16872844D961005BE6D0 /* aboutViewController.swift */ = {isa = PBXFileReference; lastKnownFileType = sourcecode.swift; path = aboutViewController.swift; sourceTree = "<group>"; };
		CE2D6596280767C30012A4D8 /* TabBarController.swift */ = {isa = PBXFileReference; lastKnownFileType = sourcecode.swift; path = TabBarController.swift; sourceTree = "<group>"; };
		CE2D6598280768690012A4D8 /* FavouriteViewController.swift */ = {isa = PBXFileReference; lastKnownFileType = sourcecode.swift; path = FavouriteViewController.swift; sourceTree = "<group>"; };
		CE2D659C280769030012A4D8 /* ExerciseViewController.swift */ = {isa = PBXFileReference; lastKnownFileType = sourcecode.swift; path = ExerciseViewController.swift; sourceTree = "<group>"; };
		CE2D659E280769800012A4D8 /* SettingsViewController.swift */ = {isa = PBXFileReference; lastKnownFileType = sourcecode.swift; path = SettingsViewController.swift; sourceTree = "<group>"; };
		CE2D65A028076B240012A4D8 /* TheoryViewController.swift */ = {isa = PBXFileReference; lastKnownFileType = sourcecode.swift; path = TheoryViewController.swift; sourceTree = "<group>"; };
		CE6DA42E28061355003D1BFC /* EGEKit.app */ = {isa = PBXFileReference; explicitFileType = wrapper.application; includeInIndex = 0; path = EGEKit.app; sourceTree = BUILT_PRODUCTS_DIR; };
		CE6DA43128061355003D1BFC /* AppDelegate.swift */ = {isa = PBXFileReference; lastKnownFileType = sourcecode.swift; path = AppDelegate.swift; sourceTree = "<group>"; };
		CE6DA43328061355003D1BFC /* SceneDelegate.swift */ = {isa = PBXFileReference; lastKnownFileType = sourcecode.swift; path = SceneDelegate.swift; sourceTree = "<group>"; };
		CE6DA43828061355003D1BFC /* Base */ = {isa = PBXFileReference; lastKnownFileType = file.storyboard; name = Base; path = Base.lproj/Main.storyboard; sourceTree = "<group>"; };
		CE6DA43A28061357003D1BFC /* Assets.xcassets */ = {isa = PBXFileReference; lastKnownFileType = folder.assetcatalog; path = Assets.xcassets; sourceTree = "<group>"; };
		CE6DA43D28061357003D1BFC /* Base */ = {isa = PBXFileReference; lastKnownFileType = file.storyboard; name = Base; path = Base.lproj/LaunchScreen.storyboard; sourceTree = "<group>"; };
		CE6DA43F28061357003D1BFC /* Info.plist */ = {isa = PBXFileReference; lastKnownFileType = text.plist.xml; path = Info.plist; sourceTree = "<group>"; };
		CE8B74A0280ED718002E32A3 /* ExerciseDetViewCotroller.swift */ = {isa = PBXFileReference; lastKnownFileType = sourcecode.swift; path = ExerciseDetViewCotroller.swift; sourceTree = "<group>"; };
		CE8B74A7280EE512002E32A3 /* UIViewTableViewCell.swift */ = {isa = PBXFileReference; lastKnownFileType = sourcecode.swift; path = UIViewTableViewCell.swift; sourceTree = "<group>"; };
		CE8B74A8280EE512002E32A3 /* UIViewTableViewCell.xib */ = {isa = PBXFileReference; lastKnownFileType = file.xib; path = UIViewTableViewCell.xib; sourceTree = "<group>"; };
		CE8B74AB2810033A002E32A3 /* DetailsViewController.swift */ = {isa = PBXFileReference; lastKnownFileType = sourcecode.swift; path = DetailsViewController.swift; sourceTree = "<group>"; };
		CE902B132824535A0037E2AB /* HorizontalCollectionViewCell.swift */ = {isa = PBXFileReference; lastKnownFileType = sourcecode.swift; path = HorizontalCollectionViewCell.swift; sourceTree = "<group>"; };
		CE902B142824535A0037E2AB /* HorizontalCollectionViewCell.xib */ = {isa = PBXFileReference; lastKnownFileType = file.xib; path = HorizontalCollectionViewCell.xib; sourceTree = "<group>"; };
		CE902B18282546520037E2AB /* FavouriteManager.swift */ = {isa = PBXFileReference; lastKnownFileType = sourcecode.swift; path = FavouriteManager.swift; sourceTree = "<group>"; };
		CE902B5F28282F7E0037E2AB /* LoginViewController.swift */ = {isa = PBXFileReference; lastKnownFileType = sourcecode.swift; path = LoginViewController.swift; sourceTree = "<group>"; };
		CE902B63282C01600037E2AB /* InitialLoginViewController.swift */ = {isa = PBXFileReference; lastKnownFileType = sourcecode.swift; path = InitialLoginViewController.swift; sourceTree = "<group>"; };
		CE902B65282D31130037E2AB /* CustomButton.swift */ = {isa = PBXFileReference; lastKnownFileType = sourcecode.swift; path = CustomButton.swift; sourceTree = "<group>"; };
		CE902B67282E5F5B0037E2AB /* RegistrationViewController.swift */ = {isa = PBXFileReference; lastKnownFileType = sourcecode.swift; path = RegistrationViewController.swift; sourceTree = "<group>"; };
		CE909C06283FDC82004335C8 /* SettingsModel.swift */ = {isa = PBXFileReference; lastKnownFileType = sourcecode.swift; path = SettingsModel.swift; sourceTree = "<group>"; };
		CE91F04828391FCA009CCF08 /* NotificationBannerView.swift */ = {isa = PBXFileReference; lastKnownFileType = sourcecode.swift; path = NotificationBannerView.swift; sourceTree = "<group>"; };
		CE9B0AFC28365C3900C723F9 /* TheoryModel.swift */ = {isa = PBXFileReference; lastKnownFileType = sourcecode.swift; path = TheoryModel.swift; sourceTree = "<group>"; };
		CE9B0AFE2836712B00C723F9 /* FavouriteModel.swift */ = {isa = PBXFileReference; lastKnownFileType = sourcecode.swift; path = FavouriteModel.swift; sourceTree = "<group>"; };
		CE9B0B002836B36800C723F9 /* FavouritePresenter.swift */ = {isa = PBXFileReference; lastKnownFileType = sourcecode.swift; path = FavouritePresenter.swift; sourceTree = "<group>"; };
		CEB33993280B431500476B97 /* NetworkManager.swift */ = {isa = PBXFileReference; lastKnownFileType = sourcecode.swift; path = NetworkManager.swift; sourceTree = "<group>"; };
		CEB33995280B608E00476B97 /* TheoryDetailsViewController.swift */ = {isa = PBXFileReference; lastKnownFileType = sourcecode.swift; path = TheoryDetailsViewController.swift; sourceTree = "<group>"; };
		CEE5048028381505006B4CEB /* ExerciseModel.swift */ = {isa = PBXFileReference; lastKnownFileType = sourcecode.swift; path = ExerciseModel.swift; sourceTree = "<group>"; };
		CEE504822838163D006B4CEB /* ExercisePresenter.swift */ = {isa = PBXFileReference; lastKnownFileType = sourcecode.swift; path = ExercisePresenter.swift; sourceTree = "<group>"; };
		CEE50485283829AF006B4CEB /* ExerciseDetModel.swift */ = {isa = PBXFileReference; lastKnownFileType = sourcecode.swift; path = ExerciseDetModel.swift; sourceTree = "<group>"; };
		CEE50487283829BF006B4CEB /* ExerciseDetPresenter.swift */ = {isa = PBXFileReference; lastKnownFileType = sourcecode.swift; path = ExerciseDetPresenter.swift; sourceTree = "<group>"; };
		CEE5048E2838F1FA006B4CEB /* DetailsModel.swift */ = {isa = PBXFileReference; lastKnownFileType = sourcecode.swift; path = DetailsModel.swift; sourceTree = "<group>"; };
		CEE504902838F211006B4CEB /* DetailsPresenter.swift */ = {isa = PBXFileReference; lastKnownFileType = sourcecode.swift; path = DetailsPresenter.swift; sourceTree = "<group>"; };
		CEE81B3E28147F2400E2238C /* GoogleService-Info.plist */ = {isa = PBXFileReference; fileEncoding = 4; lastKnownFileType = text.plist.xml; path = "GoogleService-Info.plist"; sourceTree = "<group>"; };
		CEE81B832816B46700E2238C /* FirebaseStructs.swift */ = {isa = PBXFileReference; lastKnownFileType = sourcecode.swift; path = FirebaseStructs.swift; sourceTree = "<group>"; };
		CEE81B852816BE8700E2238C /* SectionStruct.swift */ = {isa = PBXFileReference; lastKnownFileType = sourcecode.swift; path = SectionStruct.swift; sourceTree = "<group>"; };
/* End PBXFileReference section */

/* Begin PBXFrameworksBuildPhase section */
		CE6DA42B28061355003D1BFC /* Frameworks */ = {
			isa = PBXFrameworksBuildPhase;
			buildActionMask = 2147483647;
			files = (
				CE902B272827021E0037E2AB /* FirebaseDatabaseSwift in Frameworks */,
				CE902B2D2827021E0037E2AB /* FirebaseFirestoreCombine-Community in Frameworks */,
				CE2D65A42807794E0012A4D8 /* PinLayout in Frameworks */,
				CE902B372827021E0037E2AB /* FirebaseStorageCombine-Community in Frameworks */,
				CE902B232827021E0037E2AB /* FirebaseAuthCombine-Community in Frameworks */,
				CE902B252827021E0037E2AB /* FirebaseDatabase in Frameworks */,
				CE902B352827021E0037E2AB /* FirebaseStorage in Frameworks */,
				CE902B212827021E0037E2AB /* FirebaseAuth in Frameworks */,
				CE902B292827021E0037E2AB /* FirebaseDynamicLinks in Frameworks */,
				CE1A16822843F722005BE6D0 /* RiveRuntime in Frameworks */,
				CE902B312827021E0037E2AB /* FirebaseFunctions in Frameworks */,
				CE902B2B2827021E0037E2AB /* FirebaseFirestore in Frameworks */,
				CE902B332827021E0037E2AB /* FirebaseFunctionsCombine-Community in Frameworks */,
				CE902B2F2827021E0037E2AB /* FirebaseFirestoreSwift in Frameworks */,
			);
			runOnlyForDeploymentPostprocessing = 0;
		};
/* End PBXFrameworksBuildPhase section */

/* Begin PBXGroup section */
		CE6DA42528061355003D1BFC = {
			isa = PBXGroup;
			children = (
				CE6DA43028061355003D1BFC /* EGEKit */,
				CE6DA42F28061355003D1BFC /* Products */,
			);
			sourceTree = "<group>";
		};
		CE6DA42F28061355003D1BFC /* Products */ = {
			isa = PBXGroup;
			children = (
				CE6DA42E28061355003D1BFC /* EGEKit.app */,
			);
			name = Products;
			sourceTree = "<group>";
		};
		CE6DA43028061355003D1BFC /* EGEKit */ = {
			isa = PBXGroup;
			children = (
				CE6DA43128061355003D1BFC /* AppDelegate.swift */,
				CE6DA43328061355003D1BFC /* SceneDelegate.swift */,
				CE6DA43728061355003D1BFC /* Main.storyboard */,
				CE6DA43A28061357003D1BFC /* Assets.xcassets */,
				CE6DA43C28061357003D1BFC /* LaunchScreen.storyboard */,
				CE6DA43F28061357003D1BFC /* Info.plist */,
				CE9B0AFB2833F54B00C723F9 /* Authentication */,
				CE2D6596280767C30012A4D8 /* TabBarController.swift */,
				CE902B17282453670037E2AB /* FavouriteTab */,
				CEAB0B70282322B9000F0FC4 /* ExerciseTab */,
				CEAB0B71282322EE000F0FC4 /* TheoryTab */,
				CE909C08283FEF00004335C8 /* SettingsTab */,
				CEB33993280B431500476B97 /* NetworkManager.swift */,
				CEE81B832816B46700E2238C /* FirebaseStructs.swift */,
				CEE81B852816BE8700E2238C /* SectionStruct.swift */,
				CEE81B3E28147F2400E2238C /* GoogleService-Info.plist */,
			);
			path = EGEKit;
			sourceTree = "<group>";
		};
		CE902B17282453670037E2AB /* FavouriteTab */ = {
			isa = PBXGroup;
			children = (
				CE2D6598280768690012A4D8 /* FavouriteViewController.swift */,
				CE9B0B002836B36800C723F9 /* FavouritePresenter.swift */,
				CE9B0AFE2836712B00C723F9 /* FavouriteModel.swift */,
				CE902B18282546520037E2AB /* FavouriteManager.swift */,
				CE902B142824535A0037E2AB /* HorizontalCollectionViewCell.xib */,
				CE902B132824535A0037E2AB /* HorizontalCollectionViewCell.swift */,
			);
			path = FavouriteTab;
			sourceTree = "<group>";
		};
		CE909C08283FEF00004335C8 /* SettingsTab */ = {
			isa = PBXGroup;
			children = (
				CE2D659E280769800012A4D8 /* SettingsViewController.swift */,
				CE909C06283FDC82004335C8 /* SettingsModel.swift */,
				CE1A16872844D961005BE6D0 /* aboutViewController.swift */,
			);
			path = SettingsTab;
			sourceTree = "<group>";
		};
		CE9B0AFB2833F54B00C723F9 /* Authentication */ = {
			isa = PBXGroup;
			children = (
				CE1A1685284401BA005BE6D0 /* new_file.riv */,
				CE902B63282C01600037E2AB /* InitialLoginViewController.swift */,
				CE902B5F28282F7E0037E2AB /* LoginViewController.swift */,
				CE902B67282E5F5B0037E2AB /* RegistrationViewController.swift */,
				CE902B65282D31130037E2AB /* CustomButton.swift */,
			);
			path = Authentication;
			sourceTree = "<group>";
		};
		CEAB0B70282322B9000F0FC4 /* ExerciseTab */ = {
			isa = PBXGroup;
			children = (
				CEE50484283824C4006B4CEB /* Exercise - RootScreen */,
				CEE50489283829C6006B4CEB /* ExerciseDet - modal 0 */,
				CEE504922838F26A006B4CEB /* Details - modal 1 */,
				CE8B74A7280EE512002E32A3 /* UIViewTableViewCell.swift */,
				CE8B74A8280EE512002E32A3 /* UIViewTableViewCell.xib */,
			);
			path = ExerciseTab;
			sourceTree = "<group>";
		};
		CEAB0B71282322EE000F0FC4 /* TheoryTab */ = {
			isa = PBXGroup;
			children = (
				CE9B0AFC28365C3900C723F9 /* TheoryModel.swift */,
				CE2D65A028076B240012A4D8 /* TheoryViewController.swift */,
				CEB33995280B608E00476B97 /* TheoryDetailsViewController.swift */,
			);
			path = TheoryTab;
			sourceTree = "<group>";
		};
		CEE50484283824C4006B4CEB /* Exercise - RootScreen */ = {
			isa = PBXGroup;
			children = (
				CE2D659C280769030012A4D8 /* ExerciseViewController.swift */,
				CEE504822838163D006B4CEB /* ExercisePresenter.swift */,
				CEE5048028381505006B4CEB /* ExerciseModel.swift */,
			);
			path = "Exercise - RootScreen";
			sourceTree = "<group>";
		};
		CEE50489283829C6006B4CEB /* ExerciseDet - modal 0 */ = {
			isa = PBXGroup;
			children = (
				CE8B74A0280ED718002E32A3 /* ExerciseDetViewCotroller.swift */,
				CEE50487283829BF006B4CEB /* ExerciseDetPresenter.swift */,
				CEE50485283829AF006B4CEB /* ExerciseDetModel.swift */,
			);
			path = "ExerciseDet - modal 0";
			sourceTree = "<group>";
		};
		CEE504922838F26A006B4CEB /* Details - modal 1 */ = {
			isa = PBXGroup;
			children = (
				CE8B74AB2810033A002E32A3 /* DetailsViewController.swift */,
				CEE504902838F211006B4CEB /* DetailsPresenter.swift */,
				CEE5048E2838F1FA006B4CEB /* DetailsModel.swift */,
				CE91F04828391FCA009CCF08 /* NotificationBannerView.swift */,
			);
			path = "Details - modal 1";
			sourceTree = "<group>";
		};
/* End PBXGroup section */

/* Begin PBXNativeTarget section */
		CE6DA42D28061355003D1BFC /* EGEKit */ = {
			isa = PBXNativeTarget;
			buildConfigurationList = CE6DA44228061357003D1BFC /* Build configuration list for PBXNativeTarget "EGEKit" */;
			buildPhases = (
				CE6DA42A28061355003D1BFC /* Sources */,
				CE6DA42B28061355003D1BFC /* Frameworks */,
				CE6DA42C28061355003D1BFC /* Resources */,
			);
			buildRules = (
			);
			dependencies = (
			);
			name = EGEKit;
			packageProductDependencies = (
				CE2D65A32807794E0012A4D8 /* PinLayout */,
				CE902B202827021E0037E2AB /* FirebaseAuth */,
				CE902B222827021E0037E2AB /* FirebaseAuthCombine-Community */,
				CE902B242827021E0037E2AB /* FirebaseDatabase */,
				CE902B262827021E0037E2AB /* FirebaseDatabaseSwift */,
				CE902B282827021E0037E2AB /* FirebaseDynamicLinks */,
				CE902B2A2827021E0037E2AB /* FirebaseFirestore */,
				CE902B2C2827021E0037E2AB /* FirebaseFirestoreCombine-Community */,
				CE902B2E2827021E0037E2AB /* FirebaseFirestoreSwift */,
				CE902B302827021E0037E2AB /* FirebaseFunctions */,
				CE902B322827021E0037E2AB /* FirebaseFunctionsCombine-Community */,
				CE902B342827021E0037E2AB /* FirebaseStorage */,
				CE902B362827021E0037E2AB /* FirebaseStorageCombine-Community */,
				CE1A16812843F722005BE6D0 /* RiveRuntime */,
			);
			productName = EGEKit;
			productReference = CE6DA42E28061355003D1BFC /* EGEKit.app */;
			productType = "com.apple.product-type.application";
		};
/* End PBXNativeTarget section */

/* Begin PBXProject section */
		CE6DA42628061355003D1BFC /* Project object */ = {
			isa = PBXProject;
			attributes = {
				BuildIndependentTargetsInParallel = 1;
				LastSwiftUpdateCheck = 1330;
				LastUpgradeCheck = 1330;
				TargetAttributes = {
					CE6DA42D28061355003D1BFC = {
						CreatedOnToolsVersion = 13.3;
					};
				};
			};
			buildConfigurationList = CE6DA42928061355003D1BFC /* Build configuration list for PBXProject "EGEKit" */;
			compatibilityVersion = "Xcode 13.0";
			developmentRegion = en;
			hasScannedForEncodings = 0;
			knownRegions = (
				en,
				Base,
			);
			mainGroup = CE6DA42528061355003D1BFC;
			packageReferences = (
				CE2D65A22807794E0012A4D8 /* XCRemoteSwiftPackageReference "PinLayout" */,
				CE902B1F2827021E0037E2AB /* XCRemoteSwiftPackageReference "firebase-ios-sdk" */,
				CE1A16802843F722005BE6D0 /* XCRemoteSwiftPackageReference "rive-ios" */,
			);
			productRefGroup = CE6DA42F28061355003D1BFC /* Products */;
			projectDirPath = "";
			projectRoot = "";
			targets = (
				CE6DA42D28061355003D1BFC /* EGEKit */,
			);
		};
/* End PBXProject section */

/* Begin PBXResourcesBuildPhase section */
		CE6DA42C28061355003D1BFC /* Resources */ = {
			isa = PBXResourcesBuildPhase;
			buildActionMask = 2147483647;
			files = (
				CE8B74AA280EE512002E32A3 /* UIViewTableViewCell.xib in Resources */,
				CE6DA43E28061357003D1BFC /* LaunchScreen.storyboard in Resources */,
				CE902B162824535B0037E2AB /* HorizontalCollectionViewCell.xib in Resources */,
				CE1A1686284401BA005BE6D0 /* new_file.riv in Resources */,
				CEE81B3F28147F2400E2238C /* GoogleService-Info.plist in Resources */,
				CE6DA43B28061357003D1BFC /* Assets.xcassets in Resources */,
				CE6DA43928061355003D1BFC /* Main.storyboard in Resources */,
			);
			runOnlyForDeploymentPostprocessing = 0;
		};
/* End PBXResourcesBuildPhase section */

/* Begin PBXSourcesBuildPhase section */
		CE6DA42A28061355003D1BFC /* Sources */ = {
			isa = PBXSourcesBuildPhase;
			buildActionMask = 2147483647;
			files = (
				CEE81B862816BE8700E2238C /* SectionStruct.swift in Sources */,
				CEE50486283829AF006B4CEB /* ExerciseDetModel.swift in Sources */,
				CE902B66282D31130037E2AB /* CustomButton.swift in Sources */,
				CE902B19282546520037E2AB /* FavouriteManager.swift in Sources */,
				CEE5048F2838F1FA006B4CEB /* DetailsModel.swift in Sources */,
				CE9B0AFF2836712B00C723F9 /* FavouriteModel.swift in Sources */,
				CE8B74A9280EE512002E32A3 /* UIViewTableViewCell.swift in Sources */,
				CEB33994280B431500476B97 /* NetworkManager.swift in Sources */,
				CE2D6597280767C30012A4D8 /* TabBarController.swift in Sources */,
				CEE5048128381506006B4CEB /* ExerciseModel.swift in Sources */,
				CE9B0B012836B36900C723F9 /* FavouritePresenter.swift in Sources */,
				CE2D659F280769800012A4D8 /* SettingsViewController.swift in Sources */,
				CE902B152824535B0037E2AB /* HorizontalCollectionViewCell.swift in Sources */,
				CE6DA43228061355003D1BFC /* AppDelegate.swift in Sources */,
				CE1A16882844D961005BE6D0 /* aboutViewController.swift in Sources */,
				CE909C07283FDC83004335C8 /* SettingsModel.swift in Sources */,
				CE8B74A1280ED718002E32A3 /* ExerciseDetViewCotroller.swift in Sources */,
				CE2D6599280768690012A4D8 /* FavouriteViewController.swift in Sources */,
				CE2D659D280769030012A4D8 /* ExerciseViewController.swift in Sources */,
				CEB33996280B608E00476B97 /* TheoryDetailsViewController.swift in Sources */,
				CE902B64282C01600037E2AB /* InitialLoginViewController.swift in Sources */,
				CE9B0AFD28365C3A00C723F9 /* TheoryModel.swift in Sources */,
				CE902B68282E5F5D0037E2AB /* RegistrationViewController.swift in Sources */,
				CEE504912838F211006B4CEB /* DetailsPresenter.swift in Sources */,
				CE6DA43428061355003D1BFC /* SceneDelegate.swift in Sources */,
				CEE504832838163E006B4CEB /* ExercisePresenter.swift in Sources */,
				CE902B6028282F7E0037E2AB /* LoginViewController.swift in Sources */,
				CE8B74AC2810033A002E32A3 /* DetailsViewController.swift in Sources */,
				CE2D65A128076B240012A4D8 /* TheoryViewController.swift in Sources */,
				CEE50488283829BF006B4CEB /* ExerciseDetPresenter.swift in Sources */,
				CEE81B842816B46700E2238C /* FirebaseStructs.swift in Sources */,
				CE91F04928391FCA009CCF08 /* NotificationBannerView.swift in Sources */,
			);
			runOnlyForDeploymentPostprocessing = 0;
		};
/* End PBXSourcesBuildPhase section */

/* Begin PBXVariantGroup section */
		CE6DA43728061355003D1BFC /* Main.storyboard */ = {
			isa = PBXVariantGroup;
			children = (
				CE6DA43828061355003D1BFC /* Base */,
			);
			name = Main.storyboard;
			sourceTree = "<group>";
		};
		CE6DA43C28061357003D1BFC /* LaunchScreen.storyboard */ = {
			isa = PBXVariantGroup;
			children = (
				CE6DA43D28061357003D1BFC /* Base */,
			);
			name = LaunchScreen.storyboard;
			sourceTree = "<group>";
		};
/* End PBXVariantGroup section */

/* Begin XCBuildConfiguration section */
		CE6DA44028061357003D1BFC /* Debug */ = {
			isa = XCBuildConfiguration;
			buildSettings = {
				ALWAYS_SEARCH_USER_PATHS = NO;
				CLANG_ANALYZER_NONNULL = YES;
				CLANG_ANALYZER_NUMBER_OBJECT_CONVERSION = YES_AGGRESSIVE;
				CLANG_CXX_LANGUAGE_STANDARD = "gnu++17";
				CLANG_ENABLE_MODULES = YES;
				CLANG_ENABLE_OBJC_ARC = YES;
				CLANG_ENABLE_OBJC_WEAK = YES;
				CLANG_WARN_BLOCK_CAPTURE_AUTORELEASING = YES;
				CLANG_WARN_BOOL_CONVERSION = YES;
				CLANG_WARN_COMMA = YES;
				CLANG_WARN_CONSTANT_CONVERSION = YES;
				CLANG_WARN_DEPRECATED_OBJC_IMPLEMENTATIONS = YES;
				CLANG_WARN_DIRECT_OBJC_ISA_USAGE = YES_ERROR;
				CLANG_WARN_DOCUMENTATION_COMMENTS = YES;
				CLANG_WARN_EMPTY_BODY = YES;
				CLANG_WARN_ENUM_CONVERSION = YES;
				CLANG_WARN_INFINITE_RECURSION = YES;
				CLANG_WARN_INT_CONVERSION = YES;
				CLANG_WARN_NON_LITERAL_NULL_CONVERSION = YES;
				CLANG_WARN_OBJC_IMPLICIT_RETAIN_SELF = YES;
				CLANG_WARN_OBJC_LITERAL_CONVERSION = YES;
				CLANG_WARN_OBJC_ROOT_CLASS = YES_ERROR;
				CLANG_WARN_QUOTED_INCLUDE_IN_FRAMEWORK_HEADER = YES;
				CLANG_WARN_RANGE_LOOP_ANALYSIS = YES;
				CLANG_WARN_STRICT_PROTOTYPES = YES;
				CLANG_WARN_SUSPICIOUS_MOVE = YES;
				CLANG_WARN_UNGUARDED_AVAILABILITY = YES_AGGRESSIVE;
				CLANG_WARN_UNREACHABLE_CODE = YES;
				CLANG_WARN__DUPLICATE_METHOD_MATCH = YES;
				COPY_PHASE_STRIP = NO;
				DEBUG_INFORMATION_FORMAT = dwarf;
				ENABLE_STRICT_OBJC_MSGSEND = YES;
				ENABLE_TESTABILITY = YES;
				GCC_C_LANGUAGE_STANDARD = gnu11;
				GCC_DYNAMIC_NO_PIC = NO;
				GCC_NO_COMMON_BLOCKS = YES;
				GCC_OPTIMIZATION_LEVEL = 0;
				GCC_PREPROCESSOR_DEFINITIONS = (
					"DEBUG=1",
					"$(inherited)",
				);
				GCC_WARN_64_TO_32_BIT_CONVERSION = YES;
				GCC_WARN_ABOUT_RETURN_TYPE = YES_ERROR;
				GCC_WARN_UNDECLARED_SELECTOR = YES;
				GCC_WARN_UNINITIALIZED_AUTOS = YES_AGGRESSIVE;
				GCC_WARN_UNUSED_FUNCTION = YES;
				GCC_WARN_UNUSED_VARIABLE = YES;
				IPHONEOS_DEPLOYMENT_TARGET = 15.4;
				MTL_ENABLE_DEBUG_INFO = INCLUDE_SOURCE;
				MTL_FAST_MATH = YES;
				ONLY_ACTIVE_ARCH = YES;
				SDKROOT = iphoneos;
				SWIFT_ACTIVE_COMPILATION_CONDITIONS = DEBUG;
				SWIFT_OPTIMIZATION_LEVEL = "-Onone";
			};
			name = Debug;
		};
		CE6DA44128061357003D1BFC /* Release */ = {
			isa = XCBuildConfiguration;
			buildSettings = {
				ALWAYS_SEARCH_USER_PATHS = NO;
				CLANG_ANALYZER_NONNULL = YES;
				CLANG_ANALYZER_NUMBER_OBJECT_CONVERSION = YES_AGGRESSIVE;
				CLANG_CXX_LANGUAGE_STANDARD = "gnu++17";
				CLANG_ENABLE_MODULES = YES;
				CLANG_ENABLE_OBJC_ARC = YES;
				CLANG_ENABLE_OBJC_WEAK = YES;
				CLANG_WARN_BLOCK_CAPTURE_AUTORELEASING = YES;
				CLANG_WARN_BOOL_CONVERSION = YES;
				CLANG_WARN_COMMA = YES;
				CLANG_WARN_CONSTANT_CONVERSION = YES;
				CLANG_WARN_DEPRECATED_OBJC_IMPLEMENTATIONS = YES;
				CLANG_WARN_DIRECT_OBJC_ISA_USAGE = YES_ERROR;
				CLANG_WARN_DOCUMENTATION_COMMENTS = YES;
				CLANG_WARN_EMPTY_BODY = YES;
				CLANG_WARN_ENUM_CONVERSION = YES;
				CLANG_WARN_INFINITE_RECURSION = YES;
				CLANG_WARN_INT_CONVERSION = YES;
				CLANG_WARN_NON_LITERAL_NULL_CONVERSION = YES;
				CLANG_WARN_OBJC_IMPLICIT_RETAIN_SELF = YES;
				CLANG_WARN_OBJC_LITERAL_CONVERSION = YES;
				CLANG_WARN_OBJC_ROOT_CLASS = YES_ERROR;
				CLANG_WARN_QUOTED_INCLUDE_IN_FRAMEWORK_HEADER = YES;
				CLANG_WARN_RANGE_LOOP_ANALYSIS = YES;
				CLANG_WARN_STRICT_PROTOTYPES = YES;
				CLANG_WARN_SUSPICIOUS_MOVE = YES;
				CLANG_WARN_UNGUARDED_AVAILABILITY = YES_AGGRESSIVE;
				CLANG_WARN_UNREACHABLE_CODE = YES;
				CLANG_WARN__DUPLICATE_METHOD_MATCH = YES;
				COPY_PHASE_STRIP = NO;
				DEBUG_INFORMATION_FORMAT = "dwarf-with-dsym";
				ENABLE_NS_ASSERTIONS = NO;
				ENABLE_STRICT_OBJC_MSGSEND = YES;
				GCC_C_LANGUAGE_STANDARD = gnu11;
				GCC_NO_COMMON_BLOCKS = YES;
				GCC_WARN_64_TO_32_BIT_CONVERSION = YES;
				GCC_WARN_ABOUT_RETURN_TYPE = YES_ERROR;
				GCC_WARN_UNDECLARED_SELECTOR = YES;
				GCC_WARN_UNINITIALIZED_AUTOS = YES_AGGRESSIVE;
				GCC_WARN_UNUSED_FUNCTION = YES;
				GCC_WARN_UNUSED_VARIABLE = YES;
				IPHONEOS_DEPLOYMENT_TARGET = 15.4;
				MTL_ENABLE_DEBUG_INFO = NO;
				MTL_FAST_MATH = YES;
				SDKROOT = iphoneos;
				SWIFT_COMPILATION_MODE = wholemodule;
				SWIFT_OPTIMIZATION_LEVEL = "-O";
				VALIDATE_PRODUCT = YES;
			};
			name = Release;
		};
		CE6DA44328061357003D1BFC /* Debug */ = {
			isa = XCBuildConfiguration;
			buildSettings = {
				ASSETCATALOG_COMPILER_APPICON_NAME = AppIcon;
				ASSETCATALOG_COMPILER_GLOBAL_ACCENT_COLOR_NAME = AccentColor;
				ASSETCATALOG_COMPILER_INCLUDE_ALL_APPICON_ASSETS = YES;
				CODE_SIGN_STYLE = Automatic;
				CURRENT_PROJECT_VERSION = 1;
				DEVELOPMENT_TEAM = PS289ZBK4N;
				GENERATE_INFOPLIST_FILE = YES;
				INFOPLIST_FILE = EGEKit/Info.plist;
				INFOPLIST_KEY_UIApplicationSupportsIndirectInputEvents = YES;
				INFOPLIST_KEY_UILaunchStoryboardName = LaunchScreen;
				INFOPLIST_KEY_UIMainStoryboardFile = Main;
				INFOPLIST_KEY_UISupportedInterfaceOrientations_iPad = "UIInterfaceOrientationPortrait UIInterfaceOrientationPortraitUpsideDown UIInterfaceOrientationLandscapeLeft UIInterfaceOrientationLandscapeRight";
				INFOPLIST_KEY_UISupportedInterfaceOrientations_iPhone = "UIInterfaceOrientationPortrait UIInterfaceOrientationLandscapeLeft UIInterfaceOrientationLandscapeRight";
				LD_RUNPATH_SEARCH_PATHS = (
					"$(inherited)",
					"@executable_path/Frameworks",
				);
				MARKETING_VERSION = 1.0;
				PRODUCT_BUNDLE_IDENTIFIER = IlumintatiTrio.EGEKit;
				PRODUCT_NAME = "$(TARGET_NAME)";
				SWIFT_EMIT_LOC_STRINGS = YES;
				SWIFT_VERSION = 5.0;
				TARGETED_DEVICE_FAMILY = "1,2";
			};
			name = Debug;
		};
		CE6DA44428061357003D1BFC /* Release */ = {
			isa = XCBuildConfiguration;
			buildSettings = {
				ASSETCATALOG_COMPILER_APPICON_NAME = AppIcon;
				ASSETCATALOG_COMPILER_GLOBAL_ACCENT_COLOR_NAME = AccentColor;
				ASSETCATALOG_COMPILER_INCLUDE_ALL_APPICON_ASSETS = YES;
				CODE_SIGN_STYLE = Automatic;
				CURRENT_PROJECT_VERSION = 1;
				DEVELOPMENT_TEAM = PS289ZBK4N;
				GENERATE_INFOPLIST_FILE = YES;
				INFOPLIST_FILE = EGEKit/Info.plist;
				INFOPLIST_KEY_UIApplicationSupportsIndirectInputEvents = YES;
				INFOPLIST_KEY_UILaunchStoryboardName = LaunchScreen;
				INFOPLIST_KEY_UIMainStoryboardFile = Main;
				INFOPLIST_KEY_UISupportedInterfaceOrientations_iPad = "UIInterfaceOrientationPortrait UIInterfaceOrientationPortraitUpsideDown UIInterfaceOrientationLandscapeLeft UIInterfaceOrientationLandscapeRight";
				INFOPLIST_KEY_UISupportedInterfaceOrientations_iPhone = "UIInterfaceOrientationPortrait UIInterfaceOrientationLandscapeLeft UIInterfaceOrientationLandscapeRight";
				LD_RUNPATH_SEARCH_PATHS = (
					"$(inherited)",
					"@executable_path/Frameworks",
				);
				MARKETING_VERSION = 1.0;
				PRODUCT_BUNDLE_IDENTIFIER = IlumintatiTrio.EGEKit;
				PRODUCT_NAME = "$(TARGET_NAME)";
				SWIFT_EMIT_LOC_STRINGS = YES;
				SWIFT_VERSION = 5.0;
				TARGETED_DEVICE_FAMILY = "1,2";
			};
			name = Release;
		};
/* End XCBuildConfiguration section */

/* Begin XCConfigurationList section */
		CE6DA42928061355003D1BFC /* Build configuration list for PBXProject "EGEKit" */ = {
			isa = XCConfigurationList;
			buildConfigurations = (
				CE6DA44028061357003D1BFC /* Debug */,
				CE6DA44128061357003D1BFC /* Release */,
			);
			defaultConfigurationIsVisible = 0;
			defaultConfigurationName = Release;
		};
		CE6DA44228061357003D1BFC /* Build configuration list for PBXNativeTarget "EGEKit" */ = {
			isa = XCConfigurationList;
			buildConfigurations = (
				CE6DA44328061357003D1BFC /* Debug */,
				CE6DA44428061357003D1BFC /* Release */,
			);
			defaultConfigurationIsVisible = 0;
			defaultConfigurationName = Release;
		};
/* End XCConfigurationList section */

/* Begin XCRemoteSwiftPackageReference section */
		CE1A16802843F722005BE6D0 /* XCRemoteSwiftPackageReference "rive-ios" */ = {
			isa = XCRemoteSwiftPackageReference;
			repositoryURL = "https://github.com/rive-app/rive-ios";
			requirement = {
				kind = upToNextMajorVersion;
				minimumVersion = 2.0.0;
			};
		};
		CE2D65A22807794E0012A4D8 /* XCRemoteSwiftPackageReference "PinLayout" */ = {
			isa = XCRemoteSwiftPackageReference;
			repositoryURL = "https://github.com/layoutBox/PinLayout";
			requirement = {
				branch = master;
				kind = branch;
			};
		};
		CE902B1F2827021E0037E2AB /* XCRemoteSwiftPackageReference "firebase-ios-sdk" */ = {
			isa = XCRemoteSwiftPackageReference;
			repositoryURL = "https://github.com/firebase/firebase-ios-sdk";
			requirement = {
				branch = master;
				kind = branch;
			};
		};
/* End XCRemoteSwiftPackageReference section */

/* Begin XCSwiftPackageProductDependency section */
		CE1A16812843F722005BE6D0 /* RiveRuntime */ = {
			isa = XCSwiftPackageProductDependency;
			package = CE1A16802843F722005BE6D0 /* XCRemoteSwiftPackageReference "rive-ios" */;
			productName = RiveRuntime;
		};
		CE2D65A32807794E0012A4D8 /* PinLayout */ = {
			isa = XCSwiftPackageProductDependency;
			package = CE2D65A22807794E0012A4D8 /* XCRemoteSwiftPackageReference "PinLayout" */;
			productName = PinLayout;
		};
		CE902B202827021E0037E2AB /* FirebaseAuth */ = {
			isa = XCSwiftPackageProductDependency;
			package = CE902B1F2827021E0037E2AB /* XCRemoteSwiftPackageReference "firebase-ios-sdk" */;
			productName = FirebaseAuth;
		};
		CE902B222827021E0037E2AB /* FirebaseAuthCombine-Community */ = {
			isa = XCSwiftPackageProductDependency;
			package = CE902B1F2827021E0037E2AB /* XCRemoteSwiftPackageReference "firebase-ios-sdk" */;
			productName = "FirebaseAuthCombine-Community";
		};
		CE902B242827021E0037E2AB /* FirebaseDatabase */ = {
			isa = XCSwiftPackageProductDependency;
			package = CE902B1F2827021E0037E2AB /* XCRemoteSwiftPackageReference "firebase-ios-sdk" */;
			productName = FirebaseDatabase;
		};
		CE902B262827021E0037E2AB /* FirebaseDatabaseSwift */ = {
			isa = XCSwiftPackageProductDependency;
			package = CE902B1F2827021E0037E2AB /* XCRemoteSwiftPackageReference "firebase-ios-sdk" */;
			productName = FirebaseDatabaseSwift;
		};
		CE902B282827021E0037E2AB /* FirebaseDynamicLinks */ = {
			isa = XCSwiftPackageProductDependency;
			package = CE902B1F2827021E0037E2AB /* XCRemoteSwiftPackageReference "firebase-ios-sdk" */;
			productName = FirebaseDynamicLinks;
		};
		CE902B2A2827021E0037E2AB /* FirebaseFirestore */ = {
			isa = XCSwiftPackageProductDependency;
			package = CE902B1F2827021E0037E2AB /* XCRemoteSwiftPackageReference "firebase-ios-sdk" */;
			productName = FirebaseFirestore;
		};
		CE902B2C2827021E0037E2AB /* FirebaseFirestoreCombine-Community */ = {
			isa = XCSwiftPackageProductDependency;
			package = CE902B1F2827021E0037E2AB /* XCRemoteSwiftPackageReference "firebase-ios-sdk" */;
			productName = "FirebaseFirestoreCombine-Community";
		};
		CE902B2E2827021E0037E2AB /* FirebaseFirestoreSwift */ = {
			isa = XCSwiftPackageProductDependency;
			package = CE902B1F2827021E0037E2AB /* XCRemoteSwiftPackageReference "firebase-ios-sdk" */;
			productName = FirebaseFirestoreSwift;
		};
		CE902B302827021E0037E2AB /* FirebaseFunctions */ = {
			isa = XCSwiftPackageProductDependency;
			package = CE902B1F2827021E0037E2AB /* XCRemoteSwiftPackageReference "firebase-ios-sdk" */;
			productName = FirebaseFunctions;
		};
		CE902B322827021E0037E2AB /* FirebaseFunctionsCombine-Community */ = {
			isa = XCSwiftPackageProductDependency;
			package = CE902B1F2827021E0037E2AB /* XCRemoteSwiftPackageReference "firebase-ios-sdk" */;
			productName = "FirebaseFunctionsCombine-Community";
		};
		CE902B342827021E0037E2AB /* FirebaseStorage */ = {
			isa = XCSwiftPackageProductDependency;
			package = CE902B1F2827021E0037E2AB /* XCRemoteSwiftPackageReference "firebase-ios-sdk" */;
			productName = FirebaseStorage;
		};
		CE902B362827021E0037E2AB /* FirebaseStorageCombine-Community */ = {
			isa = XCSwiftPackageProductDependency;
			package = CE902B1F2827021E0037E2AB /* XCRemoteSwiftPackageReference "firebase-ios-sdk" */;
			productName = "FirebaseStorageCombine-Community";
		};
/* End XCSwiftPackageProductDependency section */
	};
	rootObject = CE6DA42628061355003D1BFC /* Project object */;
}
